// !$*UTF8*$!
{
	archiveVersion = 1;
	classes = {
	};
	objectVersion = 52;
	objects = {

/* Begin PBXBuildFile section */
		007A88DC2694BF2C00B5D8D5 /* AppDelegate.swift in Sources */ = {isa = PBXBuildFile; fileRef = 007A88DB2694BF2C00B5D8D5 /* AppDelegate.swift */; };
		007A88DE2694BF2C00B5D8D5 /* SceneDelegate.swift in Sources */ = {isa = PBXBuildFile; fileRef = 007A88DD2694BF2C00B5D8D5 /* SceneDelegate.swift */; };
		007A88E02694BF2C00B5D8D5 /* ViewController.swift in Sources */ = {isa = PBXBuildFile; fileRef = 007A88DF2694BF2C00B5D8D5 /* ViewController.swift */; };
		007A88E32694BF2C00B5D8D5 /* Main.storyboard in Resources */ = {isa = PBXBuildFile; fileRef = 007A88E12694BF2C00B5D8D5 /* Main.storyboard */; };
		007A88E52694BF2E00B5D8D5 /* Assets.xcassets in Resources */ = {isa = PBXBuildFile; fileRef = 007A88E42694BF2E00B5D8D5 /* Assets.xcassets */; };
		007A88E82694BF2E00B5D8D5 /* LaunchScreen.storyboard in Resources */ = {isa = PBXBuildFile; fileRef = 007A88E62694BF2E00B5D8D5 /* LaunchScreen.storyboard */; };
		007A88F22694C7BD00B5D8D5 /* Bricolage in Frameworks */ = {isa = PBXBuildFile; productRef = 007A88F12694C7BD00B5D8D5 /* Bricolage */; };
		007A88F52694C89800B5D8D5 /* Reusable.swift in Sources */ = {isa = PBXBuildFile; fileRef = 007A88F42694C89800B5D8D5 /* Reusable.swift */; };
		007A88F82694C8C100B5D8D5 /* MessageTableViewCell.swift in Sources */ = {isa = PBXBuildFile; fileRef = 007A88F72694C8C100B5D8D5 /* MessageTableViewCell.swift */; };
		007A88FC2694FF7100B5D8D5 /* StateRepresentable.swift in Sources */ = {isa = PBXBuildFile; fileRef = 007A88FB2694FF7100B5D8D5 /* StateRepresentable.swift */; };
		007A89022695999F00B5D8D5 /* NumberTableViewCell.swift in Sources */ = {isa = PBXBuildFile; fileRef = 007A88FF2695999F00B5D8D5 /* NumberTableViewCell.swift */; };
		007A89032695999F00B5D8D5 /* DateTableViewCell.swift in Sources */ = {isa = PBXBuildFile; fileRef = 007A89002695999F00B5D8D5 /* DateTableViewCell.swift */; };
		007A890D2695B07300B5D8D5 /* TableViewAdapter.swift in Sources */ = {isa = PBXBuildFile; fileRef = 007A890C2695B07300B5D8D5 /* TableViewAdapter.swift */; };
		007A89102695B0F800B5D8D5 /* TableViewCellProvider.swift in Sources */ = {isa = PBXBuildFile; fileRef = 007A890F2695B0F800B5D8D5 /* TableViewCellProvider.swift */; };
		007A89182695BC6000B5D8D5 /* TableViewSectionProvider.swift in Sources */ = {isa = PBXBuildFile; fileRef = 007A89172695BC6000B5D8D5 /* TableViewSectionProvider.swift */; };
		007A891C2695C96D00B5D8D5 /* TableViewHeaderFooterViewProvider.swift in Sources */ = {isa = PBXBuildFile; fileRef = 007A891B2695C96D00B5D8D5 /* TableViewHeaderFooterViewProvider.swift */; };
		007A89212695D90800B5D8D5 /* MyHeaderFooterView.swift in Sources */ = {isa = PBXBuildFile; fileRef = 007A89202695D90800B5D8D5 /* MyHeaderFooterView.swift */; };
		00A2E6B12695F024005E1AD1 /* Component.swift in Sources */ = {isa = PBXBuildFile; fileRef = 00A2E6B02695F024005E1AD1 /* Component.swift */; };
/* End PBXBuildFile section */

/* Begin PBXFileReference section */
		007A88D82694BF2C00B5D8D5 /* DeclarativeTableView.app */ = {isa = PBXFileReference; explicitFileType = wrapper.application; includeInIndex = 0; path = DeclarativeTableView.app; sourceTree = BUILT_PRODUCTS_DIR; };
		007A88DB2694BF2C00B5D8D5 /* AppDelegate.swift */ = {isa = PBXFileReference; lastKnownFileType = sourcecode.swift; path = AppDelegate.swift; sourceTree = "<group>"; };
		007A88DD2694BF2C00B5D8D5 /* SceneDelegate.swift */ = {isa = PBXFileReference; lastKnownFileType = sourcecode.swift; path = SceneDelegate.swift; sourceTree = "<group>"; };
		007A88DF2694BF2C00B5D8D5 /* ViewController.swift */ = {isa = PBXFileReference; lastKnownFileType = sourcecode.swift; path = ViewController.swift; sourceTree = "<group>"; };
		007A88E22694BF2C00B5D8D5 /* Base */ = {isa = PBXFileReference; lastKnownFileType = file.storyboard; name = Base; path = Base.lproj/Main.storyboard; sourceTree = "<group>"; };
		007A88E42694BF2E00B5D8D5 /* Assets.xcassets */ = {isa = PBXFileReference; lastKnownFileType = folder.assetcatalog; path = Assets.xcassets; sourceTree = "<group>"; };
		007A88E72694BF2E00B5D8D5 /* Base */ = {isa = PBXFileReference; lastKnownFileType = file.storyboard; name = Base; path = Base.lproj/LaunchScreen.storyboard; sourceTree = "<group>"; };
		007A88E92694BF2E00B5D8D5 /* Info.plist */ = {isa = PBXFileReference; lastKnownFileType = text.plist.xml; path = Info.plist; sourceTree = "<group>"; };
		007A88F42694C89800B5D8D5 /* Reusable.swift */ = {isa = PBXFileReference; lastKnownFileType = sourcecode.swift; path = Reusable.swift; sourceTree = "<group>"; };
		007A88F72694C8C100B5D8D5 /* MessageTableViewCell.swift */ = {isa = PBXFileReference; lastKnownFileType = sourcecode.swift; path = MessageTableViewCell.swift; sourceTree = "<group>"; };
		007A88FB2694FF7100B5D8D5 /* StateRepresentable.swift */ = {isa = PBXFileReference; lastKnownFileType = sourcecode.swift; path = StateRepresentable.swift; sourceTree = "<group>"; };
		007A88FF2695999F00B5D8D5 /* NumberTableViewCell.swift */ = {isa = PBXFileReference; fileEncoding = 4; lastKnownFileType = sourcecode.swift; path = NumberTableViewCell.swift; sourceTree = "<group>"; };
		007A89002695999F00B5D8D5 /* DateTableViewCell.swift */ = {isa = PBXFileReference; fileEncoding = 4; lastKnownFileType = sourcecode.swift; path = DateTableViewCell.swift; sourceTree = "<group>"; };
		007A890C2695B07300B5D8D5 /* TableViewAdapter.swift */ = {isa = PBXFileReference; lastKnownFileType = sourcecode.swift; path = TableViewAdapter.swift; sourceTree = "<group>"; };
		007A890F2695B0F800B5D8D5 /* TableViewCellProvider.swift */ = {isa = PBXFileReference; lastKnownFileType = sourcecode.swift; path = TableViewCellProvider.swift; sourceTree = "<group>"; };
		007A89172695BC6000B5D8D5 /* TableViewSectionProvider.swift */ = {isa = PBXFileReference; lastKnownFileType = sourcecode.swift; path = TableViewSectionProvider.swift; sourceTree = "<group>"; };
		007A891B2695C96D00B5D8D5 /* TableViewHeaderFooterViewProvider.swift */ = {isa = PBXFileReference; lastKnownFileType = sourcecode.swift; path = TableViewHeaderFooterViewProvider.swift; sourceTree = "<group>"; };
		007A89202695D90800B5D8D5 /* MyHeaderFooterView.swift */ = {isa = PBXFileReference; lastKnownFileType = sourcecode.swift; path = MyHeaderFooterView.swift; sourceTree = "<group>"; };
		00A2E6B02695F024005E1AD1 /* Component.swift */ = {isa = PBXFileReference; lastKnownFileType = sourcecode.swift; path = Component.swift; sourceTree = "<group>"; };
/* End PBXFileReference section */

/* Begin PBXFrameworksBuildPhase section */
		007A88D52694BF2C00B5D8D5 /* Frameworks */ = {
			isa = PBXFrameworksBuildPhase;
			buildActionMask = 2147483647;
			files = (
				007A88F22694C7BD00B5D8D5 /* Bricolage in Frameworks */,
			);
			runOnlyForDeploymentPostprocessing = 0;
		};
/* End PBXFrameworksBuildPhase section */

/* Begin PBXGroup section */
		007A88CF2694BF2C00B5D8D5 = {
			isa = PBXGroup;
			children = (
				007A88DA2694BF2C00B5D8D5 /* DeclarativeTableView */,
				007A88D92694BF2C00B5D8D5 /* Products */,
			);
			sourceTree = "<group>";
		};
		007A88D92694BF2C00B5D8D5 /* Products */ = {
			isa = PBXGroup;
			children = (
				007A88D82694BF2C00B5D8D5 /* DeclarativeTableView.app */,
			);
			name = Products;
			sourceTree = "<group>";
		};
		007A88DA2694BF2C00B5D8D5 /* DeclarativeTableView */ = {
			isa = PBXGroup;
			children = (
				007A88E92694BF2E00B5D8D5 /* Info.plist */,
				007A88DB2694BF2C00B5D8D5 /* AppDelegate.swift */,
				00A2E6B02695F024005E1AD1 /* Component.swift */,
				007A88DD2694BF2C00B5D8D5 /* SceneDelegate.swift */,
				007A88DF2694BF2C00B5D8D5 /* ViewController.swift */,
				007A88E42694BF2E00B5D8D5 /* Assets.xcassets */,
				007A88E62694BF2E00B5D8D5 /* LaunchScreen.storyboard */,
				007A88E12694BF2C00B5D8D5 /* Main.storyboard */,
				007A89242695DE4C00B5D8D5 /* TableViewAdapter */,
				007A890926959AC100B5D8D5 /* Views */,
			);
			path = DeclarativeTableView;
			sourceTree = "<group>";
		};
		007A890926959AC100B5D8D5 /* Views */ = {
			isa = PBXGroup;
			children = (
				007A89002695999F00B5D8D5 /* DateTableViewCell.swift */,
				007A89202695D90800B5D8D5 /* MyHeaderFooterView.swift */,
				007A88F72694C8C100B5D8D5 /* MessageTableViewCell.swift */,
				007A88FF2695999F00B5D8D5 /* NumberTableViewCell.swift */,
			);
			path = Views;
			sourceTree = "<group>";
		};
		007A89242695DE4C00B5D8D5 /* TableViewAdapter */ = {
			isa = PBXGroup;
			children = (
				007A88F42694C89800B5D8D5 /* Reusable.swift */,
				007A88FB2694FF7100B5D8D5 /* StateRepresentable.swift */,
				007A890C2695B07300B5D8D5 /* TableViewAdapter.swift */,
				007A890F2695B0F800B5D8D5 /* TableViewCellProvider.swift */,
				007A891B2695C96D00B5D8D5 /* TableViewHeaderFooterViewProvider.swift */,
				007A89172695BC6000B5D8D5 /* TableViewSectionProvider.swift */,
			);
			path = TableViewAdapter;
			sourceTree = "<group>";
		};
/* End PBXGroup section */

/* Begin PBXNativeTarget section */
		007A88D72694BF2C00B5D8D5 /* DeclarativeTableView */ = {
			isa = PBXNativeTarget;
			buildConfigurationList = 007A88EC2694BF2E00B5D8D5 /* Build configuration list for PBXNativeTarget "DeclarativeTableView" */;
			buildPhases = (
				007A88D42694BF2C00B5D8D5 /* Sources */,
				007A88D52694BF2C00B5D8D5 /* Frameworks */,
				007A88D62694BF2C00B5D8D5 /* Resources */,
			);
			buildRules = (
			);
			dependencies = (
			);
			name = DeclarativeTableView;
			packageProductDependencies = (
				007A88F12694C7BD00B5D8D5 /* Bricolage */,
			);
			productName = DeclarativeTableView;
			productReference = 007A88D82694BF2C00B5D8D5 /* DeclarativeTableView.app */;
			productType = "com.apple.product-type.application";
		};
/* End PBXNativeTarget section */

/* Begin PBXProject section */
		007A88D02694BF2C00B5D8D5 /* Project object */ = {
			isa = PBXProject;
			attributes = {
				LastSwiftUpdateCheck = 1240;
				LastUpgradeCheck = 1240;
				TargetAttributes = {
					007A88D72694BF2C00B5D8D5 = {
						CreatedOnToolsVersion = 12.4;
					};
				};
			};
			buildConfigurationList = 007A88D32694BF2C00B5D8D5 /* Build configuration list for PBXProject "DeclarativeTableView" */;
			compatibilityVersion = "Xcode 9.3";
			developmentRegion = en;
			hasScannedForEncodings = 0;
			knownRegions = (
				en,
				Base,
			);
			mainGroup = 007A88CF2694BF2C00B5D8D5;
			packageReferences = (
				007A88F02694C7BD00B5D8D5 /* XCRemoteSwiftPackageReference "Bricolage" */,
			);
			productRefGroup = 007A88D92694BF2C00B5D8D5 /* Products */;
			projectDirPath = "";
			projectRoot = "";
			targets = (
				007A88D72694BF2C00B5D8D5 /* DeclarativeTableView */,
			);
		};
/* End PBXProject section */

/* Begin PBXResourcesBuildPhase section */
		007A88D62694BF2C00B5D8D5 /* Resources */ = {
			isa = PBXResourcesBuildPhase;
			buildActionMask = 2147483647;
			files = (
				007A88E82694BF2E00B5D8D5 /* LaunchScreen.storyboard in Resources */,
				007A88E52694BF2E00B5D8D5 /* Assets.xcassets in Resources */,
				007A88E32694BF2C00B5D8D5 /* Main.storyboard in Resources */,
			);
			runOnlyForDeploymentPostprocessing = 0;
		};
/* End PBXResourcesBuildPhase section */

/* Begin PBXSourcesBuildPhase section */
		007A88D42694BF2C00B5D8D5 /* Sources */ = {
			isa = PBXSourcesBuildPhase;
			buildActionMask = 2147483647;
			files = (
				007A88FC2694FF7100B5D8D5 /* StateRepresentable.swift in Sources */,
				00A2E6B12695F024005E1AD1 /* Component.swift in Sources */,
				007A88F52694C89800B5D8D5 /* Reusable.swift in Sources */,
				007A88E02694BF2C00B5D8D5 /* ViewController.swift in Sources */,
				007A88DC2694BF2C00B5D8D5 /* AppDelegate.swift in Sources */,
				007A88F82694C8C100B5D8D5 /* MessageTableViewCell.swift in Sources */,
				007A890D2695B07300B5D8D5 /* TableViewAdapter.swift in Sources */,
				007A89102695B0F800B5D8D5 /* TableViewCellProvider.swift in Sources */,
				007A89212695D90800B5D8D5 /* MyHeaderFooterView.swift in Sources */,
				007A88DE2694BF2C00B5D8D5 /* SceneDelegate.swift in Sources */,
				007A891C2695C96D00B5D8D5 /* TableViewHeaderFooterViewProvider.swift in Sources */,
				007A89182695BC6000B5D8D5 /* TableViewSectionProvider.swift in Sources */,
				007A89022695999F00B5D8D5 /* NumberTableViewCell.swift in Sources */,
				007A89032695999F00B5D8D5 /* DateTableViewCell.swift in Sources */,
			);
			runOnlyForDeploymentPostprocessing = 0;
		};
/* End PBXSourcesBuildPhase section */

/* Begin PBXVariantGroup section */
		007A88E12694BF2C00B5D8D5 /* Main.storyboard */ = {
			isa = PBXVariantGroup;
			children = (
				007A88E22694BF2C00B5D8D5 /* Base */,
			);
			name = Main.storyboard;
			sourceTree = "<group>";
		};
		007A88E62694BF2E00B5D8D5 /* LaunchScreen.storyboard */ = {
			isa = PBXVariantGroup;
			children = (
				007A88E72694BF2E00B5D8D5 /* Base */,
			);
			name = LaunchScreen.storyboard;
			sourceTree = "<group>";
		};
/* End PBXVariantGroup section */

/* Begin XCBuildConfiguration section */
		007A88EA2694BF2E00B5D8D5 /* Debug */ = {
			isa = XCBuildConfiguration;
			buildSettings = {
				ALWAYS_SEARCH_USER_PATHS = NO;
				CLANG_ANALYZER_NONNULL = YES;
				CLANG_ANALYZER_NUMBER_OBJECT_CONVERSION = YES_AGGRESSIVE;
				CLANG_CXX_LANGUAGE_STANDARD = "gnu++14";
				CLANG_CXX_LIBRARY = "libc++";
				CLANG_ENABLE_MODULES = YES;
				CLANG_ENABLE_OBJC_ARC = YES;
				CLANG_ENABLE_OBJC_WEAK = YES;
				CLANG_WARN_BLOCK_CAPTURE_AUTORELEASING = YES;
				CLANG_WARN_BOOL_CONVERSION = YES;
				CLANG_WARN_COMMA = YES;
				CLANG_WARN_CONSTANT_CONVERSION = YES;
				CLANG_WARN_DEPRECATED_OBJC_IMPLEMENTATIONS = YES;
				CLANG_WARN_DIRECT_OBJC_ISA_USAGE = YES_ERROR;
				CLANG_WARN_DOCUMENTATION_COMMENTS = YES;
				CLANG_WARN_EMPTY_BODY = YES;
				CLANG_WARN_ENUM_CONVERSION = YES;
				CLANG_WARN_INFINITE_RECURSION = YES;
				CLANG_WARN_INT_CONVERSION = YES;
				CLANG_WARN_NON_LITERAL_NULL_CONVERSION = YES;
				CLANG_WARN_OBJC_IMPLICIT_RETAIN_SELF = YES;
				CLANG_WARN_OBJC_LITERAL_CONVERSION = YES;
				CLANG_WARN_OBJC_ROOT_CLASS = YES_ERROR;
				CLANG_WARN_QUOTED_INCLUDE_IN_FRAMEWORK_HEADER = YES;
				CLANG_WARN_RANGE_LOOP_ANALYSIS = YES;
				CLANG_WARN_STRICT_PROTOTYPES = YES;
				CLANG_WARN_SUSPICIOUS_MOVE = YES;
				CLANG_WARN_UNGUARDED_AVAILABILITY = YES_AGGRESSIVE;
				CLANG_WARN_UNREACHABLE_CODE = YES;
				CLANG_WARN__DUPLICATE_METHOD_MATCH = YES;
				COPY_PHASE_STRIP = NO;
				DEBUG_INFORMATION_FORMAT = dwarf;
				ENABLE_STRICT_OBJC_MSGSEND = YES;
				ENABLE_TESTABILITY = YES;
				GCC_C_LANGUAGE_STANDARD = gnu11;
				GCC_DYNAMIC_NO_PIC = NO;
				GCC_NO_COMMON_BLOCKS = YES;
				GCC_OPTIMIZATION_LEVEL = 0;
				GCC_PREPROCESSOR_DEFINITIONS = (
					"DEBUG=1",
					"$(inherited)",
				);
				GCC_WARN_64_TO_32_BIT_CONVERSION = YES;
				GCC_WARN_ABOUT_RETURN_TYPE = YES_ERROR;
				GCC_WARN_UNDECLARED_SELECTOR = YES;
				GCC_WARN_UNINITIALIZED_AUTOS = YES_AGGRESSIVE;
				GCC_WARN_UNUSED_FUNCTION = YES;
				GCC_WARN_UNUSED_VARIABLE = YES;
				IPHONEOS_DEPLOYMENT_TARGET = 14.4;
				MTL_ENABLE_DEBUG_INFO = INCLUDE_SOURCE;
				MTL_FAST_MATH = YES;
				ONLY_ACTIVE_ARCH = YES;
				SDKROOT = iphoneos;
				SWIFT_ACTIVE_COMPILATION_CONDITIONS = DEBUG;
				SWIFT_OPTIMIZATION_LEVEL = "-Onone";
			};
			name = Debug;
		};
		007A88EB2694BF2E00B5D8D5 /* Release */ = {
			isa = XCBuildConfiguration;
			buildSettings = {
				ALWAYS_SEARCH_USER_PATHS = NO;
				CLANG_ANALYZER_NONNULL = YES;
				CLANG_ANALYZER_NUMBER_OBJECT_CONVERSION = YES_AGGRESSIVE;
				CLANG_CXX_LANGUAGE_STANDARD = "gnu++14";
				CLANG_CXX_LIBRARY = "libc++";
				CLANG_ENABLE_MODULES = YES;
				CLANG_ENABLE_OBJC_ARC = YES;
				CLANG_ENABLE_OBJC_WEAK = YES;
				CLANG_WARN_BLOCK_CAPTURE_AUTORELEASING = YES;
				CLANG_WARN_BOOL_CONVERSION = YES;
				CLANG_WARN_COMMA = YES;
				CLANG_WARN_CONSTANT_CONVERSION = YES;
				CLANG_WARN_DEPRECATED_OBJC_IMPLEMENTATIONS = YES;
				CLANG_WARN_DIRECT_OBJC_ISA_USAGE = YES_ERROR;
				CLANG_WARN_DOCUMENTATION_COMMENTS = YES;
				CLANG_WARN_EMPTY_BODY = YES;
				CLANG_WARN_ENUM_CONVERSION = YES;
				CLANG_WARN_INFINITE_RECURSION = YES;
				CLANG_WARN_INT_CONVERSION = YES;
				CLANG_WARN_NON_LITERAL_NULL_CONVERSION = YES;
				CLANG_WARN_OBJC_IMPLICIT_RETAIN_SELF = YES;
				CLANG_WARN_OBJC_LITERAL_CONVERSION = YES;
				CLANG_WARN_OBJC_ROOT_CLASS = YES_ERROR;
				CLANG_WARN_QUOTED_INCLUDE_IN_FRAMEWORK_HEADER = YES;
				CLANG_WARN_RANGE_LOOP_ANALYSIS = YES;
				CLANG_WARN_STRICT_PROTOTYPES = YES;
				CLANG_WARN_SUSPICIOUS_MOVE = YES;
				CLANG_WARN_UNGUARDED_AVAILABILITY = YES_AGGRESSIVE;
				CLANG_WARN_UNREACHABLE_CODE = YES;
				CLANG_WARN__DUPLICATE_METHOD_MATCH = YES;
				COPY_PHASE_STRIP = NO;
				DEBUG_INFORMATION_FORMAT = "dwarf-with-dsym";
				ENABLE_NS_ASSERTIONS = NO;
				ENABLE_STRICT_OBJC_MSGSEND = YES;
				GCC_C_LANGUAGE_STANDARD = gnu11;
				GCC_NO_COMMON_BLOCKS = YES;
				GCC_WARN_64_TO_32_BIT_CONVERSION = YES;
				GCC_WARN_ABOUT_RETURN_TYPE = YES_ERROR;
				GCC_WARN_UNDECLARED_SELECTOR = YES;
				GCC_WARN_UNINITIALIZED_AUTOS = YES_AGGRESSIVE;
				GCC_WARN_UNUSED_FUNCTION = YES;
				GCC_WARN_UNUSED_VARIABLE = YES;
				IPHONEOS_DEPLOYMENT_TARGET = 14.4;
				MTL_ENABLE_DEBUG_INFO = NO;
				MTL_FAST_MATH = YES;
				SDKROOT = iphoneos;
				SWIFT_COMPILATION_MODE = wholemodule;
				SWIFT_OPTIMIZATION_LEVEL = "-O";
				VALIDATE_PRODUCT = YES;
			};
			name = Release;
		};
		007A88ED2694BF2E00B5D8D5 /* Debug */ = {
			isa = XCBuildConfiguration;
			buildSettings = {
				ASSETCATALOG_COMPILER_APPICON_NAME = AppIcon;
				ASSETCATALOG_COMPILER_GLOBAL_ACCENT_COLOR_NAME = AccentColor;
				CODE_SIGN_STYLE = Automatic;
				DEVELOPMENT_TEAM = C689UAQQW5;
				INFOPLIST_FILE = DeclarativeTableView/Info.plist;
				LD_RUNPATH_SEARCH_PATHS = (
					"$(inherited)",
					"@executable_path/Frameworks",
				);
				PRODUCT_BUNDLE_IDENTIFIER = com.thumbspark.DeclarativeTableView;
				PRODUCT_NAME = "$(TARGET_NAME)";
				SWIFT_VERSION = 5.0;
				TARGETED_DEVICE_FAMILY = "1,2";
			};
			name = Debug;
		};
		007A88EE2694BF2E00B5D8D5 /* Release */ = {
			isa = XCBuildConfiguration;
			buildSettings = {
				ASSETCATALOG_COMPILER_APPICON_NAME = AppIcon;
				ASSETCATALOG_COMPILER_GLOBAL_ACCENT_COLOR_NAME = AccentColor;
				CODE_SIGN_STYLE = Automatic;
				DEVELOPMENT_TEAM = C689UAQQW5;
				INFOPLIST_FILE = DeclarativeTableView/Info.plist;
				LD_RUNPATH_SEARCH_PATHS = (
					"$(inherited)",
					"@executable_path/Frameworks",
				);
				PRODUCT_BUNDLE_IDENTIFIER = com.thumbspark.DeclarativeTableView;
				PRODUCT_NAME = "$(TARGET_NAME)";
				SWIFT_VERSION = 5.0;
				TARGETED_DEVICE_FAMILY = "1,2";
			};
			name = Release;
		};
/* End XCBuildConfiguration section */

/* Begin XCConfigurationList section */
		007A88D32694BF2C00B5D8D5 /* Build configuration list for PBXProject "DeclarativeTableView" */ = {
			isa = XCConfigurationList;
			buildConfigurations = (
				007A88EA2694BF2E00B5D8D5 /* Debug */,
				007A88EB2694BF2E00B5D8D5 /* Release */,
			);
			defaultConfigurationIsVisible = 0;
			defaultConfigurationName = Release;
		};
		007A88EC2694BF2E00B5D8D5 /* Build configuration list for PBXNativeTarget "DeclarativeTableView" */ = {
			isa = XCConfigurationList;
			buildConfigurations = (
				007A88ED2694BF2E00B5D8D5 /* Debug */,
				007A88EE2694BF2E00B5D8D5 /* Release */,
			);
			defaultConfigurationIsVisible = 0;
			defaultConfigurationName = Release;
		};
/* End XCConfigurationList section */

/* Begin XCRemoteSwiftPackageReference section */
		007A88F02694C7BD00B5D8D5 /* XCRemoteSwiftPackageReference "Bricolage" */ = {
			isa = XCRemoteSwiftPackageReference;
			repositoryURL = "git@github.com:rcharlton/Bricolage.git";
			requirement = {
				branch = develop;
				kind = branch;
			};
		};
/* End XCRemoteSwiftPackageReference section */

/* Begin XCSwiftPackageProductDependency section */
		007A88F12694C7BD00B5D8D5 /* Bricolage */ = {
			isa = XCSwiftPackageProductDependency;
			package = 007A88F02694C7BD00B5D8D5 /* XCRemoteSwiftPackageReference "Bricolage" */;
			productName = Bricolage;
		};
/* End XCSwiftPackageProductDependency section */
	};
	rootObject = 007A88D02694BF2C00B5D8D5 /* Project object */;
}
